
Microsoft Visual Studio Solution File, Format Version 12.00
# Visual Studio Version 17
VisualStudioVersion = 17.9.34728.123
MinimumVisualStudioVersion = 10.0.40219.1
Project("{FAE04EC0-301F-11D3-BF4B-00C04F79EFBC}") = "Order.API", "Order.API\Order.API.csproj", "{4B854732-CD1E-40EA-B5D2-F38BDCA2DA80}"
EndProject
Project("{FAE04EC0-301F-11D3-BF4B-00C04F79EFBC}") = "Shared", "Shared\Shared.csproj", "{87E344D8-E707-4411-BEC5-35EB6DA9F4CD}"
EndProject
Project("{FAE04EC0-301F-11D3-BF4B-00C04F79EFBC}") = "Stock.API", "Stock.API\Stock.API.csproj", "{999CE414-852B-4088-9AD8-9B54A3E758CA}"
EndProject
Project("{FAE04EC0-301F-11D3-BF4B-00C04F79EFBC}") = "Payment.API", "Payment.API\Payment.API.csproj", "{8A1D5A0A-0264-4909-BEA4-C273EB4B3369}"
EndProject
Global
	GlobalSection(SolutionConfigurationPlatforms) = preSolution
		Debug|Any CPU = Debug|Any CPU
		Release|Any CPU = Release|Any CPU
	EndGlobalSection
	GlobalSection(ProjectConfigurationPlatforms) = postSolution
		{4B854732-CD1E-40EA-B5D2-F38BDCA2DA80}.Debug|Any CPU.ActiveCfg = Debug|Any CPU
		{4B854732-CD1E-40EA-B5D2-F38BDCA2DA80}.Debug|Any CPU.Build.0 = Debug|Any CPU
		{4B854732-CD1E-40EA-B5D2-F38BDCA2DA80}.Release|Any CPU.ActiveCfg = Release|Any CPU
		{4B854732-CD1E-40EA-B5D2-F38BDCA2DA80}.Release|Any CPU.Build.0 = Release|Any CPU
		{87E344D8-E707-4411-BEC5-35EB6DA9F4CD}.Debug|Any CPU.ActiveCfg = Debug|Any CPU
		{87E344D8-E707-4411-BEC5-35EB6DA9F4CD}.Debug|Any CPU.Build.0 = Debug|Any CPU
		{87E344D8-E707-4411-BEC5-35EB6DA9F4CD}.Release|Any CPU.ActiveCfg = Release|Any CPU
		{87E344D8-E707-4411-BEC5-35EB6DA9F4CD}.Release|Any CPU.Build.0 = Release|Any CPU
		{999CE414-852B-4088-9AD8-9B54A3E758CA}.Debug|Any CPU.ActiveCfg = Debug|Any CPU
		{999CE414-852B-4088-9AD8-9B54A3E758CA}.Debug|Any CPU.Build.0 = Debug|Any CPU
		{999CE414-852B-4088-9AD8-9B54A3E758CA}.Release|Any CPU.ActiveCfg = Release|Any CPU
		{999CE414-852B-4088-9AD8-9B54A3E758CA}.Release|Any CPU.Build.0 = Release|Any CPU
		{8A1D5A0A-0264-4909-BEA4-C273EB4B3369}.Debug|Any CPU.ActiveCfg = Debug|Any CPU
		{8A1D5A0A-0264-4909-BEA4-C273EB4B3369}.Debug|Any CPU.Build.0 = Debug|Any CPU
		{8A1D5A0A-0264-4909-BEA4-C273EB4B3369}.Release|Any CPU.ActiveCfg = Release|Any CPU
		{8A1D5A0A-0264-4909-BEA4-C273EB4B3369}.Release|Any CPU.Build.0 = Release|Any CPU
	EndGlobalSection
	GlobalSection(SolutionProperties) = preSolution
		HideSolutionNode = FALSE
	EndGlobalSection
	GlobalSection(ExtensibilityGlobals) = postSolution
		SolutionGuid = {0C253606-B18D-45C6-8C5D-FB49F196EE5A}
	EndGlobalSection
EndGlobal
